
Microsoft Visual Studio Solution File, Format Version 12.00
# Visual Studio Version 17
VisualStudioVersion = 17.5.002.0
MinimumVisualStudioVersion = 10.0.40219.1
Project("{9A19103F-16F7-4668-BE54-9A1E7A4F7556}") = "myTickTackToe", "myTickTackToe.csproj", "{29A3EB97-AD09-4E1E-95CF-B4372B957F0A}"
EndProject
Global
	GlobalSection(SolutionConfigurationPlatforms) = preSolution
		Debug|Any CPU = Debug|Any CPU
		Release|Any CPU = Release|Any CPU
	EndGlobalSection
	GlobalSection(ProjectConfigurationPlatforms) = postSolution
		{29A3EB97-AD09-4E1E-95CF-B4372B957F0A}.Debug|Any CPU.ActiveCfg = Debug|Any CPU
		{29A3EB97-AD09-4E1E-95CF-B4372B957F0A}.Debug|Any CPU.Build.0 = Debug|Any CPU
		{29A3EB97-AD09-4E1E-95CF-B4372B957F0A}.Release|Any CPU.ActiveCfg = Release|Any CPU
		{29A3EB97-AD09-4E1E-95CF-B4372B957F0A}.Release|Any CPU.Build.0 = Release|Any CPU
	EndGlobalSection
	GlobalSection(SolutionProperties) = preSolution
		HideSolutionNode = FALSE
	EndGlobalSection
	GlobalSection(ExtensibilityGlobals) = postSolution
		SolutionGuid = {5D020ED2-54C4-4797-9E3E-02329D6EBBA8}
	EndGlobalSection
EndGlobal
